// !$*UTF8*$!
{
	archiveVersion = 1;
	classes = {
	};
	objectVersion = 55;
	objects = {

/* Begin PBXBuildFile section */
		2F25F4FE282FEAC5006A9A0D /* AppDelegate.swift in Sources */ = {isa = PBXBuildFile; fileRef = 2F25F4FD282FEAC5006A9A0D /* AppDelegate.swift */; };
		2F25F500282FEAC5006A9A0D /* SceneDelegate.swift in Sources */ = {isa = PBXBuildFile; fileRef = 2F25F4FF282FEAC5006A9A0D /* SceneDelegate.swift */; };
		2F25F50A282FEAC7006A9A0D /* LaunchScreen.storyboard in Resources */ = {isa = PBXBuildFile; fileRef = 2F25F508282FEAC7006A9A0D /* LaunchScreen.storyboard */; };
		2F25F5122830DE48006A9A0D /* Assets.xcassets in Resources */ = {isa = PBXBuildFile; fileRef = 2F25F5112830DE48006A9A0D /* Assets.xcassets */; };
		2FCCB83A28310D7F00E6334F /* ItemsTableViewController.swift in Sources */ = {isa = PBXBuildFile; fileRef = 2FCCB83928310D7F00E6334F /* ItemsTableViewController.swift */; };
		2FCCB83C283114E600E6334F /* Item.swift in Sources */ = {isa = PBXBuildFile; fileRef = 2FCCB83B283114E600E6334F /* Item.swift */; };
		2FCCB84028312A7C00E6334F /* ItemCell.swift in Sources */ = {isa = PBXBuildFile; fileRef = 2FCCB83F28312A7C00E6334F /* ItemCell.swift */; };
		2FCCB842283D198D00E6334F /* ItemViewController.swift in Sources */ = {isa = PBXBuildFile; fileRef = 2FCCB841283D198D00E6334F /* ItemViewController.swift */; };
/* End PBXBuildFile section */

/* Begin PBXFileReference section */
		2F25F4FA282FEAC5006A9A0D /* Thoughty.app */ = {isa = PBXFileReference; explicitFileType = wrapper.application; includeInIndex = 0; path = Thoughty.app; sourceTree = BUILT_PRODUCTS_DIR; };
		2F25F4FD282FEAC5006A9A0D /* AppDelegate.swift */ = {isa = PBXFileReference; lastKnownFileType = sourcecode.swift; path = AppDelegate.swift; sourceTree = "<group>"; };
		2F25F4FF282FEAC5006A9A0D /* SceneDelegate.swift */ = {isa = PBXFileReference; lastKnownFileType = sourcecode.swift; path = SceneDelegate.swift; sourceTree = "<group>"; };
		2F25F509282FEAC7006A9A0D /* Base */ = {isa = PBXFileReference; lastKnownFileType = file.storyboard; name = Base; path = Base.lproj/LaunchScreen.storyboard; sourceTree = "<group>"; };
		2F25F50B282FEAC7006A9A0D /* Info.plist */ = {isa = PBXFileReference; lastKnownFileType = text.plist.xml; path = Info.plist; sourceTree = "<group>"; };
		2F25F5112830DE48006A9A0D /* Assets.xcassets */ = {isa = PBXFileReference; lastKnownFileType = folder.assetcatalog; path = Assets.xcassets; sourceTree = "<group>"; };
		2FCCB83928310D7F00E6334F /* ItemsTableViewController.swift */ = {isa = PBXFileReference; lastKnownFileType = sourcecode.swift; path = ItemsTableViewController.swift; sourceTree = "<group>"; };
		2FCCB83B283114E600E6334F /* Item.swift */ = {isa = PBXFileReference; lastKnownFileType = sourcecode.swift; path = Item.swift; sourceTree = "<group>"; };
		2FCCB83F28312A7C00E6334F /* ItemCell.swift */ = {isa = PBXFileReference; lastKnownFileType = sourcecode.swift; path = ItemCell.swift; sourceTree = "<group>"; };
		2FCCB841283D198D00E6334F /* ItemViewController.swift */ = {isa = PBXFileReference; lastKnownFileType = sourcecode.swift; path = ItemViewController.swift; sourceTree = "<group>"; };
/* End PBXFileReference section */

/* Begin PBXFrameworksBuildPhase section */
		2F25F4F7282FEAC5006A9A0D /* Frameworks */ = {
			isa = PBXFrameworksBuildPhase;
			buildActionMask = 2147483647;
			files = (
			);
			runOnlyForDeploymentPostprocessing = 0;
		};
/* End PBXFrameworksBuildPhase section */

/* Begin PBXGroup section */
		2F25F4F1282FEAC5006A9A0D = {
			isa = PBXGroup;
			children = (
				2F25F4FC282FEAC5006A9A0D /* Thoughty */,
				2F25F4FB282FEAC5006A9A0D /* Products */,
			);
			sourceTree = "<group>";
		};
		2F25F4FB282FEAC5006A9A0D /* Products */ = {
			isa = PBXGroup;
			children = (
				2F25F4FA282FEAC5006A9A0D /* Thoughty.app */,
			);
			name = Products;
			sourceTree = "<group>";
		};
		2F25F4FC282FEAC5006A9A0D /* Thoughty */ = {
			isa = PBXGroup;
			children = (
				2F25F4FD282FEAC5006A9A0D /* AppDelegate.swift */,
				2F25F4FF282FEAC5006A9A0D /* SceneDelegate.swift */,
				2FCCB83D283114EC00E6334F /* Models */,
				2FCCB83E283114F400E6334F /* Controllers */,
				2F25F508282FEAC7006A9A0D /* LaunchScreen.storyboard */,
				2F25F5112830DE48006A9A0D /* Assets.xcassets */,
				2F25F50B282FEAC7006A9A0D /* Info.plist */,
			);
			path = Thoughty;
			sourceTree = "<group>";
		};
		2FCCB83D283114EC00E6334F /* Models */ = {
			isa = PBXGroup;
			children = (
				2FCCB83B283114E600E6334F /* Item.swift */,
				2FCCB83F28312A7C00E6334F /* ItemCell.swift */,
			);
			path = Models;
			sourceTree = "<group>";
		};
		2FCCB83E283114F400E6334F /* Controllers */ = {
			isa = PBXGroup;
			children = (
				2FCCB83928310D7F00E6334F /* ItemsTableViewController.swift */,
				2FCCB841283D198D00E6334F /* ItemViewController.swift */,
			);
			path = Controllers;
			sourceTree = "<group>";
		};
/* End PBXGroup section */

/* Begin PBXNativeTarget section */
		2F25F4F9282FEAC5006A9A0D /* Thoughty */ = {
			isa = PBXNativeTarget;
			buildConfigurationList = 2F25F50E282FEAC7006A9A0D /* Build configuration list for PBXNativeTarget "Thoughty" */;
			buildPhases = (
				2F25F4F6282FEAC5006A9A0D /* Sources */,
				2F25F4F7282FEAC5006A9A0D /* Frameworks */,
				2F25F4F8282FEAC5006A9A0D /* Resources */,
			);
			buildRules = (
			);
			dependencies = (
			);
			name = Thoughty;
			productName = Thoughty;
			productReference = 2F25F4FA282FEAC5006A9A0D /* Thoughty.app */;
			productType = "com.apple.product-type.application";
		};
/* End PBXNativeTarget section */

/* Begin PBXProject section */
		2F25F4F2282FEAC5006A9A0D /* Project object */ = {
			isa = PBXProject;
			attributes = {
				BuildIndependentTargetsInParallel = 1;
				LastSwiftUpdateCheck = 1330;
				LastUpgradeCheck = 1330;
				TargetAttributes = {
					2F25F4F9282FEAC5006A9A0D = {
						CreatedOnToolsVersion = 13.3.1;
					};
				};
			};
			buildConfigurationList = 2F25F4F5282FEAC5006A9A0D /* Build configuration list for PBXProject "Thoughty" */;
			compatibilityVersion = "Xcode 13.0";
			developmentRegion = en;
			hasScannedForEncodings = 0;
			knownRegions = (
				en,
				Base,
			);
			mainGroup = 2F25F4F1282FEAC5006A9A0D;
			productRefGroup = 2F25F4FB282FEAC5006A9A0D /* Products */;
			projectDirPath = "";
			projectRoot = "";
			targets = (
				2F25F4F9282FEAC5006A9A0D /* Thoughty */,
			);
		};
/* End PBXProject section */

/* Begin PBXResourcesBuildPhase section */
		2F25F4F8282FEAC5006A9A0D /* Resources */ = {
			isa = PBXResourcesBuildPhase;
			buildActionMask = 2147483647;
			files = (
				2F25F50A282FEAC7006A9A0D /* LaunchScreen.storyboard in Resources */,
				2F25F5122830DE48006A9A0D /* Assets.xcassets in Resources */,
			);
			runOnlyForDeploymentPostprocessing = 0;
		};
/* End PBXResourcesBuildPhase section */

/* Begin PBXSourcesBuildPhase section */
		2F25F4F6282FEAC5006A9A0D /* Sources */ = {
			isa = PBXSourcesBuildPhase;
			buildActionMask = 2147483647;
			files = (
				2FCCB83C283114E600E6334F /* Item.swift in Sources */,
				2F25F4FE282FEAC5006A9A0D /* AppDelegate.swift in Sources */,
				2FCCB84028312A7C00E6334F /* ItemCell.swift in Sources */,
				2F25F500282FEAC5006A9A0D /* SceneDelegate.swift in Sources */,
				2FCCB83A28310D7F00E6334F /* ItemsTableViewController.swift in Sources */,
				2FCCB842283D198D00E6334F /* ItemViewController.swift in Sources */,
			);
			runOnlyForDeploymentPostprocessing = 0;
		};
/* End PBXSourcesBuildPhase section */

/* Begin PBXVariantGroup section */
		2F25F508282FEAC7006A9A0D /* LaunchScreen.storyboard */ = {
			isa = PBXVariantGroup;
			children = (
				2F25F509282FEAC7006A9A0D /* Base */,
			);
			name = LaunchScreen.storyboard;
			sourceTree = "<group>";
		};
/* End PBXVariantGroup section */

/* Begin XCBuildConfiguration section */
		2F25F50C282FEAC7006A9A0D /* Debug */ = {
			isa = XCBuildConfiguration;
			buildSettings = {
				ALWAYS_SEARCH_USER_PATHS = NO;
				CLANG_ANALYZER_NONNULL = YES;
				CLANG_ANALYZER_NUMBER_OBJECT_CONVERSION = YES_AGGRESSIVE;
				CLANG_CXX_LANGUAGE_STANDARD = "gnu++17";
				CLANG_ENABLE_MODULES = YES;
				CLANG_ENABLE_OBJC_ARC = YES;
				CLANG_ENABLE_OBJC_WEAK = YES;
				CLANG_WARN_BLOCK_CAPTURE_AUTORELEASING = YES;
				CLANG_WARN_BOOL_CONVERSION = YES;
				CLANG_WARN_COMMA = YES;
				CLANG_WARN_CONSTANT_CONVERSION = YES;
				CLANG_WARN_DEPRECATED_OBJC_IMPLEMENTATIONS = YES;
				CLANG_WARN_DIRECT_OBJC_ISA_USAGE = YES_ERROR;
				CLANG_WARN_DOCUMENTATION_COMMENTS = YES;
				CLANG_WARN_EMPTY_BODY = YES;
				CLANG_WARN_ENUM_CONVERSION = YES;
				CLANG_WARN_INFINITE_RECURSION = YES;
				CLANG_WARN_INT_CONVERSION = YES;
				CLANG_WARN_NON_LITERAL_NULL_CONVERSION = YES;
				CLANG_WARN_OBJC_IMPLICIT_RETAIN_SELF = YES;
				CLANG_WARN_OBJC_LITERAL_CONVERSION = YES;
				CLANG_WARN_OBJC_ROOT_CLASS = YES_ERROR;
				CLANG_WARN_QUOTED_INCLUDE_IN_FRAMEWORK_HEADER = YES;
				CLANG_WARN_RANGE_LOOP_ANALYSIS = YES;
				CLANG_WARN_STRICT_PROTOTYPES = YES;
				CLANG_WARN_SUSPICIOUS_MOVE = YES;
				CLANG_WARN_UNGUARDED_AVAILABILITY = YES_AGGRESSIVE;
				CLANG_WARN_UNREACHABLE_CODE = YES;
				CLANG_WARN__DUPLICATE_METHOD_MATCH = YES;
				COPY_PHASE_STRIP = NO;
				DEBUG_INFORMATION_FORMAT = dwarf;
				ENABLE_STRICT_OBJC_MSGSEND = YES;
				ENABLE_TESTABILITY = YES;
				GCC_C_LANGUAGE_STANDARD = gnu11;
				GCC_DYNAMIC_NO_PIC = NO;
				GCC_NO_COMMON_BLOCKS = YES;
				GCC_OPTIMIZATION_LEVEL = 0;
				GCC_PREPROCESSOR_DEFINITIONS = (
					"DEBUG=1",
					"$(inherited)",
				);
				GCC_WARN_64_TO_32_BIT_CONVERSION = YES;
				GCC_WARN_ABOUT_RETURN_TYPE = YES_ERROR;
				GCC_WARN_UNDECLARED_SELECTOR = YES;
				GCC_WARN_UNINITIALIZED_AUTOS = YES_AGGRESSIVE;
				GCC_WARN_UNUSED_FUNCTION = YES;
				GCC_WARN_UNUSED_VARIABLE = YES;
				IPHONEOS_DEPLOYMENT_TARGET = 15.4;
				MTL_ENABLE_DEBUG_INFO = INCLUDE_SOURCE;
				MTL_FAST_MATH = YES;
				ONLY_ACTIVE_ARCH = YES;
				SDKROOT = iphoneos;
				SWIFT_ACTIVE_COMPILATION_CONDITIONS = DEBUG;
				SWIFT_OPTIMIZATION_LEVEL = "-Onone";
			};
			name = Debug;
		};
		2F25F50D282FEAC7006A9A0D /* Release */ = {
			isa = XCBuildConfiguration;
			buildSettings = {
				ALWAYS_SEARCH_USER_PATHS = NO;
				CLANG_ANALYZER_NONNULL = YES;
				CLANG_ANALYZER_NUMBER_OBJECT_CONVERSION = YES_AGGRESSIVE;
				CLANG_CXX_LANGUAGE_STANDARD = "gnu++17";
				CLANG_ENABLE_MODULES = YES;
				CLANG_ENABLE_OBJC_ARC = YES;
				CLANG_ENABLE_OBJC_WEAK = YES;
				CLANG_WARN_BLOCK_CAPTURE_AUTORELEASING = YES;
				CLANG_WARN_BOOL_CONVERSION = YES;
				CLANG_WARN_COMMA = YES;
				CLANG_WARN_CONSTANT_CONVERSION = YES;
				CLANG_WARN_DEPRECATED_OBJC_IMPLEMENTATIONS = YES;
				CLANG_WARN_DIRECT_OBJC_ISA_USAGE = YES_ERROR;
				CLANG_WARN_DOCUMENTATION_COMMENTS = YES;
				CLANG_WARN_EMPTY_BODY = YES;
				CLANG_WARN_ENUM_CONVERSION = YES;
				CLANG_WARN_INFINITE_RECURSION = YES;
				CLANG_WARN_INT_CONVERSION = YES;
				CLANG_WARN_NON_LITERAL_NULL_CONVERSION = YES;
				CLANG_WARN_OBJC_IMPLICIT_RETAIN_SELF = YES;
				CLANG_WARN_OBJC_LITERAL_CONVERSION = YES;
				CLANG_WARN_OBJC_ROOT_CLASS = YES_ERROR;
				CLANG_WARN_QUOTED_INCLUDE_IN_FRAMEWORK_HEADER = YES;
				CLANG_WARN_RANGE_LOOP_ANALYSIS = YES;
				CLANG_WARN_STRICT_PROTOTYPES = YES;
				CLANG_WARN_SUSPICIOUS_MOVE = YES;
				CLANG_WARN_UNGUARDED_AVAILABILITY = YES_AGGRESSIVE;
				CLANG_WARN_UNREACHABLE_CODE = YES;
				CLANG_WARN__DUPLICATE_METHOD_MATCH = YES;
				COPY_PHASE_STRIP = NO;
				DEBUG_INFORMATION_FORMAT = "dwarf-with-dsym";
				ENABLE_NS_ASSERTIONS = NO;
				ENABLE_STRICT_OBJC_MSGSEND = YES;
				GCC_C_LANGUAGE_STANDARD = gnu11;
				GCC_NO_COMMON_BLOCKS = YES;
				GCC_WARN_64_TO_32_BIT_CONVERSION = YES;
				GCC_WARN_ABOUT_RETURN_TYPE = YES_ERROR;
				GCC_WARN_UNDECLARED_SELECTOR = YES;
				GCC_WARN_UNINITIALIZED_AUTOS = YES_AGGRESSIVE;
				GCC_WARN_UNUSED_FUNCTION = YES;
				GCC_WARN_UNUSED_VARIABLE = YES;
				IPHONEOS_DEPLOYMENT_TARGET = 15.4;
				MTL_ENABLE_DEBUG_INFO = NO;
				MTL_FAST_MATH = YES;
				SDKROOT = iphoneos;
				SWIFT_COMPILATION_MODE = wholemodule;
				SWIFT_OPTIMIZATION_LEVEL = "-O";
				VALIDATE_PRODUCT = YES;
			};
			name = Release;
		};
		2F25F50F282FEAC7006A9A0D /* Debug */ = {
			isa = XCBuildConfiguration;
			buildSettings = {
				ASSETCATALOG_COMPILER_APPICON_NAME = AppIcon;
				ASSETCATALOG_COMPILER_GLOBAL_ACCENT_COLOR_NAME = AccentColor;
				CODE_SIGN_STYLE = Automatic;
				CURRENT_PROJECT_VERSION = 1;
				DEVELOPMENT_TEAM = L3G7QPWJS7;
				GENERATE_INFOPLIST_FILE = YES;
				INFOPLIST_FILE = Thoughty/Info.plist;
				INFOPLIST_KEY_UIApplicationSupportsIndirectInputEvents = YES;
				INFOPLIST_KEY_UILaunchStoryboardName = LaunchScreen;
				INFOPLIST_KEY_UISupportedInterfaceOrientations_iPad = "UIInterfaceOrientationPortrait UIInterfaceOrientationPortraitUpsideDown UIInterfaceOrientationLandscapeLeft UIInterfaceOrientationLandscapeRight";
				INFOPLIST_KEY_UISupportedInterfaceOrientations_iPhone = "UIInterfaceOrientationPortrait UIInterfaceOrientationLandscapeLeft UIInterfaceOrientationLandscapeRight";
				IPHONEOS_DEPLOYMENT_TARGET = 13.0;
				LD_RUNPATH_SEARCH_PATHS = (
					"$(inherited)",
					"@executable_path/Frameworks",
				);
				MARKETING_VERSION = 1.0;
				PRODUCT_BUNDLE_IDENTIFIER = com.przemekwnek.Thoughty;
				PRODUCT_NAME = "$(TARGET_NAME)";
				SWIFT_EMIT_LOC_STRINGS = YES;
				SWIFT_VERSION = 5.0;
				TARGETED_DEVICE_FAMILY = "1,2";
			};
			name = Debug;
		};
		2F25F510282FEAC7006A9A0D /* Release */ = {
			isa = XCBuildConfiguration;
			buildSettings = {
				ASSETCATALOG_COMPILER_APPICON_NAME = AppIcon;
				ASSETCATALOG_COMPILER_GLOBAL_ACCENT_COLOR_NAME = AccentColor;
				CODE_SIGN_STYLE = Automatic;
				CURRENT_PROJECT_VERSION = 1;
				DEVELOPMENT_TEAM = L3G7QPWJS7;
				GENERATE_INFOPLIST_FILE = YES;
				INFOPLIST_FILE = Thoughty/Info.plist;
				INFOPLIST_KEY_UIApplicationSupportsIndirectInputEvents = YES;
				INFOPLIST_KEY_UILaunchStoryboardName = LaunchScreen;
				INFOPLIST_KEY_UISupportedInterfaceOrientations_iPad = "UIInterfaceOrientationPortrait UIInterfaceOrientationPortraitUpsideDown UIInterfaceOrientationLandscapeLeft UIInterfaceOrientationLandscapeRight";
				INFOPLIST_KEY_UISupportedInterfaceOrientations_iPhone = "UIInterfaceOrientationPortrait UIInterfaceOrientationLandscapeLeft UIInterfaceOrientationLandscapeRight";
				IPHONEOS_DEPLOYMENT_TARGET = 13.0;
				LD_RUNPATH_SEARCH_PATHS = (
					"$(inherited)",
					"@executable_path/Frameworks",
				);
				MARKETING_VERSION = 1.0;
				PRODUCT_BUNDLE_IDENTIFIER = com.przemekwnek.Thoughty;
				PRODUCT_NAME = "$(TARGET_NAME)";
				SWIFT_EMIT_LOC_STRINGS = YES;
				SWIFT_VERSION = 5.0;
				TARGETED_DEVICE_FAMILY = "1,2";
			};
			name = Release;
		};
/* End XCBuildConfiguration section */

/* Begin XCConfigurationList section */
		2F25F4F5282FEAC5006A9A0D /* Build configuration list for PBXProject "Thoughty" */ = {
			isa = XCConfigurationList;
			buildConfigurations = (
				2F25F50C282FEAC7006A9A0D /* Debug */,
				2F25F50D282FEAC7006A9A0D /* Release */,
			);
			defaultConfigurationIsVisible = 0;
			defaultConfigurationName = Release;
		};
		2F25F50E282FEAC7006A9A0D /* Build configuration list for PBXNativeTarget "Thoughty" */ = {
			isa = XCConfigurationList;
			buildConfigurations = (
				2F25F50F282FEAC7006A9A0D /* Debug */,
				2F25F510282FEAC7006A9A0D /* Release */,
			);
			defaultConfigurationIsVisible = 0;
			defaultConfigurationName = Release;
		};
/* End XCConfigurationList section */
	};
	rootObject = 2F25F4F2282FEAC5006A9A0D /* Project object */;
}
